
Microsoft Visual Studio Solution File, Format Version 12.00
# Visual Studio Version 17
VisualStudioVersion = 17.8.34408.163
MinimumVisualStudioVersion = 10.0.40219.1
Project("{FAE04EC0-301F-11D3-BF4B-00C04F79EFBC}") = "Contentmanagementsystem", "Contentmanagementsystem\Contentmanagementsystem.csproj", "{D88C03FE-E802-45FC-890A-29C30EF32419}"
EndProject
Global
	GlobalSection(SolutionConfigurationPlatforms) = preSolution
		Debug|Any CPU = Debug|Any CPU
		Release|Any CPU = Release|Any CPU
	EndGlobalSection
	GlobalSection(ProjectConfigurationPlatforms) = postSolution
		{D88C03FE-E802-45FC-890A-29C30EF32419}.Debug|Any CPU.ActiveCfg = Debug|Any CPU
		{D88C03FE-E802-45FC-890A-29C30EF32419}.Debug|Any CPU.Build.0 = Debug|Any CPU
		{D88C03FE-E802-45FC-890A-29C30EF32419}.Release|Any CPU.ActiveCfg = Release|Any CPU
		{D88C03FE-E802-45FC-890A-29C30EF32419}.Release|Any CPU.Build.0 = Release|Any CPU
	EndGlobalSection
	GlobalSection(SolutionProperties) = preSolution
		HideSolutionNode = FALSE
	EndGlobalSection
	GlobalSection(ExtensibilityGlobals) = postSolution
		SolutionGuid = {D5197FEA-0D73-4AEA-9C7B-C06A126E6BDF}
	EndGlobalSection
EndGlobal
